
Microsoft Visual Studio Solution File, Format Version 12.00
Project("{FAE04EC0-301F-11D3-BF4B-00C04F79EFBC}") = "DataAggregator", "apps\DataAggregator\DataAggregator.csproj", "{66911552-ED43-4EEB-BD8E-CFE30552248B}"
EndProject
Project("{FAE04EC0-301F-11D3-BF4B-00C04F79EFBC}") = "GatewayApi", "apps\GatewayApi\GatewayApi.csproj", "{4335C252-9F00-40EF-BAFD-38891B0F9947}"
EndProject
Project("{FAE04EC0-301F-11D3-BF4B-00C04F79EFBC}") = "RadixDlt.NetworkGateway.GatewayApi", "src\RadixDlt.NetworkGateway.GatewayApi\RadixDlt.NetworkGateway.GatewayApi.csproj", "{2A8ECCEC-56AE-4A0B-9936-C707FB8B53D2}"
EndProject
Project("{FAE04EC0-301F-11D3-BF4B-00C04F79EFBC}") = "RadixDlt.NetworkGateway.GatewayApiSdk", "src\RadixDlt.NetworkGateway.GatewayApiSdk\RadixDlt.NetworkGateway.GatewayApiSdk.csproj", "{29EB7E5A-8E94-4DD9-9C70-9B9FFEA19AC8}"
EndProject
Project("{2150E333-8FDC-42A3-9474-1A3956D46DE8}") = "apps", "apps", "{7B572DCA-9792-48BE-A53D-3F8B87D71372}"
EndProject
Project("{2150E333-8FDC-42A3-9474-1A3956D46DE8}") = ".solution", ".solution", "{7FD0B8F1-45CA-46E2-B248-66F9D3EF8727}"
	ProjectSection(SolutionItems) = preProject
		Directory.Build.props = Directory.Build.props
		Directory.Packages.props = Directory.Packages.props
		LICENSE = LICENSE
		README.md = README.md
		stylecop.json = stylecop.json
		.dockerignore = .dockerignore
		.editorconfig = .editorconfig
		.gitignore = .gitignore
		CHANGELOG.md = CHANGELOG.md
		CONTRIBUTING.md = CONTRIBUTING.md
		CODE_OF_CONDUCT.md = CODE_OF_CONDUCT.md
	EndProjectSection
EndProject
Project("{FAE04EC0-301F-11D3-BF4B-00C04F79EFBC}") = "RadixDlt.NetworkGateway.DataAggregator", "src\RadixDlt.NetworkGateway.DataAggregator\RadixDlt.NetworkGateway.DataAggregator.csproj", "{6C516526-0AB0-41ED-8DA0-8CBC7751CBF7}"
EndProject
Project("{FAE04EC0-301F-11D3-BF4B-00C04F79EFBC}") = "RadixDlt.NetworkGateway.Abstractions", "src\RadixDlt.NetworkGateway.Abstractions\RadixDlt.NetworkGateway.Abstractions.csproj", "{A193C01E-9DF5-4437-AE45-5018EBF37EFC}"
EndProject
Project("{FAE04EC0-301F-11D3-BF4B-00C04F79EFBC}") = "DatabaseMigrations", "apps\DatabaseMigrations\DatabaseMigrations.csproj", "{8FA82D83-7886-4B1D-A7F1-5883165EF156}"
EndProject
Project("{2150E333-8FDC-42A3-9474-1A3956D46DE8}") = "tests", "tests", "{11A96B08-1472-4F25-9740-9C12B242CE6C}"
EndProject
Project("{FAE04EC0-301F-11D3-BF4B-00C04F79EFBC}") = "RadixDlt.NetworkGateway.UnitTests", "tests\RadixDlt.NetworkGateway.UnitTests\RadixDlt.NetworkGateway.UnitTests.csproj", "{17988C9B-C9F0-489D-A6C6-7CDA12AC6AE1}"
EndProject
Project("{FAE04EC0-301F-11D3-BF4B-00C04F79EFBC}") = "RadixDlt.CoreApiSdk", "src\RadixDlt.CoreApiSdk\RadixDlt.CoreApiSdk.csproj", "{9ABABC7D-4E72-439E-A3AA-F893CA4B47A9}"
EndProject
Project("{FAE04EC0-301F-11D3-BF4B-00C04F79EFBC}") = "RadixDlt.NetworkGateway.PostgresIntegration", "src\RadixDlt.NetworkGateway.PostgresIntegration\RadixDlt.NetworkGateway.PostgresIntegration.csproj", "{20BD5236-4797-4EF2-9324-F75B0F2B24AC}"
EndProject
Project("{FAE04EC0-301F-11D3-BF4B-00C04F79EFBC}") = "RadixDlt.NetworkGateway.PrometheusIntegration", "src\RadixDlt.NetworkGateway.PrometheusIntegration\RadixDlt.NetworkGateway.PrometheusIntegration.csproj", "{5DF83C67-0F91-4A2C-864B-20290CB26B3C}"
EndProject
Global
	GlobalSection(SolutionConfigurationPlatforms) = preSolution
		Debug|Any CPU = Debug|Any CPU
		Release|Any CPU = Release|Any CPU
	EndGlobalSection
	GlobalSection(ProjectConfigurationPlatforms) = postSolution
		{66911552-ED43-4EEB-BD8E-CFE30552248B}.Debug|Any CPU.ActiveCfg = Debug|Any CPU
		{66911552-ED43-4EEB-BD8E-CFE30552248B}.Debug|Any CPU.Build.0 = Debug|Any CPU
		{66911552-ED43-4EEB-BD8E-CFE30552248B}.Release|Any CPU.ActiveCfg = Release|Any CPU
		{66911552-ED43-4EEB-BD8E-CFE30552248B}.Release|Any CPU.Build.0 = Release|Any CPU
		{4335C252-9F00-40EF-BAFD-38891B0F9947}.Debug|Any CPU.ActiveCfg = Debug|Any CPU
		{4335C252-9F00-40EF-BAFD-38891B0F9947}.Debug|Any CPU.Build.0 = Debug|Any CPU
		{4335C252-9F00-40EF-BAFD-38891B0F9947}.Release|Any CPU.ActiveCfg = Release|Any CPU
		{4335C252-9F00-40EF-BAFD-38891B0F9947}.Release|Any CPU.Build.0 = Release|Any CPU
		{2A8ECCEC-56AE-4A0B-9936-C707FB8B53D2}.Debug|Any CPU.ActiveCfg = Debug|Any CPU
		{2A8ECCEC-56AE-4A0B-9936-C707FB8B53D2}.Debug|Any CPU.Build.0 = Debug|Any CPU
		{2A8ECCEC-56AE-4A0B-9936-C707FB8B53D2}.Release|Any CPU.ActiveCfg = Release|Any CPU
		{2A8ECCEC-56AE-4A0B-9936-C707FB8B53D2}.Release|Any CPU.Build.0 = Release|Any CPU
		{29EB7E5A-8E94-4DD9-9C70-9B9FFEA19AC8}.Debug|Any CPU.ActiveCfg = Debug|Any CPU
		{29EB7E5A-8E94-4DD9-9C70-9B9FFEA19AC8}.Debug|Any CPU.Build.0 = Debug|Any CPU
		{29EB7E5A-8E94-4DD9-9C70-9B9FFEA19AC8}.Release|Any CPU.ActiveCfg = Release|Any CPU
		{29EB7E5A-8E94-4DD9-9C70-9B9FFEA19AC8}.Release|Any CPU.Build.0 = Release|Any CPU
		{6C516526-0AB0-41ED-8DA0-8CBC7751CBF7}.Debug|Any CPU.ActiveCfg = Debug|Any CPU
		{6C516526-0AB0-41ED-8DA0-8CBC7751CBF7}.Debug|Any CPU.Build.0 = Debug|Any CPU
		{6C516526-0AB0-41ED-8DA0-8CBC7751CBF7}.Release|Any CPU.ActiveCfg = Release|Any CPU
		{6C516526-0AB0-41ED-8DA0-8CBC7751CBF7}.Release|Any CPU.Build.0 = Release|Any CPU
		{A193C01E-9DF5-4437-AE45-5018EBF37EFC}.Debug|Any CPU.ActiveCfg = Debug|Any CPU
		{A193C01E-9DF5-4437-AE45-5018EBF37EFC}.Debug|Any CPU.Build.0 = Debug|Any CPU
		{A193C01E-9DF5-4437-AE45-5018EBF37EFC}.Release|Any CPU.ActiveCfg = Release|Any CPU
		{A193C01E-9DF5-4437-AE45-5018EBF37EFC}.Release|Any CPU.Build.0 = Release|Any CPU
		{8FA82D83-7886-4B1D-A7F1-5883165EF156}.Debug|Any CPU.ActiveCfg = Debug|Any CPU
		{8FA82D83-7886-4B1D-A7F1-5883165EF156}.Debug|Any CPU.Build.0 = Debug|Any CPU
		{8FA82D83-7886-4B1D-A7F1-5883165EF156}.Release|Any CPU.ActiveCfg = Release|Any CPU
		{8FA82D83-7886-4B1D-A7F1-5883165EF156}.Release|Any CPU.Build.0 = Release|Any CPU
		{17988C9B-C9F0-489D-A6C6-7CDA12AC6AE1}.Debug|Any CPU.ActiveCfg = Debug|Any CPU
		{17988C9B-C9F0-489D-A6C6-7CDA12AC6AE1}.Debug|Any CPU.Build.0 = Debug|Any CPU
		{17988C9B-C9F0-489D-A6C6-7CDA12AC6AE1}.Release|Any CPU.ActiveCfg = Release|Any CPU
		{17988C9B-C9F0-489D-A6C6-7CDA12AC6AE1}.Release|Any CPU.Build.0 = Release|Any CPU
		{9ABABC7D-4E72-439E-A3AA-F893CA4B47A9}.Debug|Any CPU.ActiveCfg = Debug|Any CPU
		{9ABABC7D-4E72-439E-A3AA-F893CA4B47A9}.Debug|Any CPU.Build.0 = Debug|Any CPU
		{9ABABC7D-4E72-439E-A3AA-F893CA4B47A9}.Release|Any CPU.ActiveCfg = Release|Any CPU
		{9ABABC7D-4E72-439E-A3AA-F893CA4B47A9}.Release|Any CPU.Build.0 = Release|Any CPU
		{20BD5236-4797-4EF2-9324-F75B0F2B24AC}.Debug|Any CPU.ActiveCfg = Debug|Any CPU
		{20BD5236-4797-4EF2-9324-F75B0F2B24AC}.Debug|Any CPU.Build.0 = Debug|Any CPU
		{20BD5236-4797-4EF2-9324-F75B0F2B24AC}.Release|Any CPU.ActiveCfg = Release|Any CPU
		{20BD5236-4797-4EF2-9324-F75B0F2B24AC}.Release|Any CPU.Build.0 = Release|Any CPU
		{5DF83C67-0F91-4A2C-864B-20290CB26B3C}.Debug|Any CPU.ActiveCfg = Debug|Any CPU
		{5DF83C67-0F91-4A2C-864B-20290CB26B3C}.Debug|Any CPU.Build.0 = Debug|Any CPU
		{5DF83C67-0F91-4A2C-864B-20290CB26B3C}.Release|Any CPU.ActiveCfg = Release|Any CPU
		{5DF83C67-0F91-4A2C-864B-20290CB26B3C}.Release|Any CPU.Build.0 = Release|Any CPU
	EndGlobalSection
	GlobalSection(RiderSharedRunConfigurations) = postSolution
	EndGlobalSection
	GlobalSection(NestedProjects) = preSolution
		{4335C252-9F00-40EF-BAFD-38891B0F9947} = {7B572DCA-9792-48BE-A53D-3F8B87D71372}
		{66911552-ED43-4EEB-BD8E-CFE30552248B} = {7B572DCA-9792-48BE-A53D-3F8B87D71372}
		{8FA82D83-7886-4B1D-A7F1-5883165EF156} = {7B572DCA-9792-48BE-A53D-3F8B87D71372}
		{17988C9B-C9F0-489D-A6C6-7CDA12AC6AE1} = {11A96B08-1472-4F25-9740-9C12B242CE6C}
	EndGlobalSection
EndGlobal
