{
  "version": 2,
  "dependencies": {
    "net8.0": {
      "Microsoft.Kiota.Abstractions": {
        "type": "Direct",
        "requested": "[1.8.4, )",
        "resolved": "1.8.4",
        "contentHash": "LIDxPt5fUIANficDgeM5hLFcraw+xHid0GKdDnX0hoX7kGUTKbA6ewP2UxmhQRCtntyu16npSRqglueKH35WGQ==",
        "dependencies": {
          "Std.UriTemplate": "0.0.57"
        }
      },
      "Microsoft.Kiota.Http.HttpClientLibrary": {
        "type": "Direct",
        "requested": "[1.3.12, )",
        "resolved": "1.3.12",
        "contentHash": "Qq9g6s+bcopVdiaqBOuHPMD67LC3TdEQuheAHAR4BXtfifIUwDkLdNDL3tTndnlLw44d1lQJSrnH6MwyXNth+Q==",
        "dependencies": {
          "Microsoft.Kiota.Abstractions": "1.8.3"
        }
      },
      "Microsoft.Kiota.Serialization.Form": {
        "type": "Direct",
        "requested": "[1.1.6, )",
        "resolved": "1.1.6",
        "contentHash": "sfGShxxAyb1F3hn1y8gKeacD3xJXoMdT+ZsGBz8lRwD/w+vqOgiopT8vxDRNQWCOP6b5xjJYDQP7VcwucfS1ZA==",
        "dependencies": {
          "Microsoft.Kiota.Abstractions": "1.8.4"
        }
      },
      "Microsoft.Kiota.Serialization.Json": {
        "type": "Direct",
        "requested": "[1.2.2, )",
        "resolved": "1.2.2",
        "contentHash": "iT0Gm31MWJqUGSIZUZHFvlyUGGbsAwIgzF6E1fLsC/wcejtPDIqAKClKWtufoHCkgXK9u4+VDNPofU7cvPeBsQ==",
        "dependencies": {
          "Microsoft.Kiota.Abstractions": "1.8.4"
        }
      },
      "Microsoft.Kiota.Serialization.Multipart": {
        "type": "Direct",
        "requested": "[1.1.4, )",
        "resolved": "1.1.4",
        "contentHash": "rskTXLQVb8USvZiqYFAW2Aho4c+xOYFdzQO8ucAOLdEdaDx8DXt7/4x7r+AWFfr9UVxPPj15mtVYbO+NB4Mo5g==",
        "dependencies": {
          "Microsoft.Kiota.Abstractions": "1.8.4"
        }
      },
      "Microsoft.Kiota.Serialization.Text": {
        "type": "Direct",
        "requested": "[1.1.5, )",
        "resolved": "1.1.5",
        "contentHash": "ueNBXaUPutITn8JuYrmZoGGNx1i7aBYpyIbB9KYNc85bNuYFisZJgad43w3Key/HxGCPcwKDTBulI1dUYTlvDw==",
        "dependencies": {
          "Microsoft.Kiota.Abstractions": "1.8.4"
        }
      },
      "StyleCop.Analyzers": {
        "type": "Direct",
        "requested": "[1.2.0-beta.435, )",
        "resolved": "1.2.0-beta.435",
        "contentHash": "TADk7vdGXtfTnYCV7GyleaaRTQjfoSfZXprQrVMm7cSJtJbFc1QIbWPyLvrgrfGdfHbGmUPvaN4ODKNxg2jgPQ==",
        "dependencies": {
          "StyleCop.Analyzers.Unstable": "1.2.0.435"
        }
      },
      "Std.UriTemplate": {
        "type": "Transitive",
        "resolved": "0.0.57",
        "contentHash": "9pKu3V7jhHmZkZNktbBqnCPbZgFpmAjyXyuKRHhnLsXoYTVs0LOcPW9D13nOpwP0DFjvi7hdLC5uMtYX+/yj/Q=="
      },
      "StyleCop.Analyzers.Unstable": {
        "type": "Transitive",
        "resolved": "1.2.0.435",
        "contentHash": "ouwPWZxbOV3SmCZxIRqHvljkSzkCyi1tDoMzQtDb/bRP8ctASV/iRJr+A2Gdj0QLaLmWnqTWDrH82/iP+X80Lg=="
      }
    }
  }
}