{
  "version": 2,
  "dependencies": {
    "net8.0": {
      "Newtonsoft.Json": {
        "type": "Direct",
        "requested": "[13.0.3, )",
        "resolved": "13.0.3",
        "contentHash": "HrC5BXdl00IP9zeV+0Z848QWPAoCr9P3bDEZguI+gkLcBKAOxix/tLEAAHC+UvDNPv4a2d18lOReHMOagPa+zQ=="
      },
      "Riok.Mapperly": {
        "type": "Direct",
        "requested": "[3.5.1, )",
        "resolved": "3.5.1",
        "contentHash": "ECFSdemqIN7HoCu8lOtGYW15fYK5XgSg9tpaspdevi4rj6Z4KomMQz6bKID1L5WMHxjyexix250wP5eAF0iKNw=="
      },
      "StyleCop.Analyzers": {
        "type": "Direct",
        "requested": "[1.2.0-beta.435, )",
        "resolved": "1.2.0-beta.435",
        "contentHash": "TADk7vdGXtfTnYCV7GyleaaRTQjfoSfZXprQrVMm7cSJtJbFc1QIbWPyLvrgrfGdfHbGmUPvaN4ODKNxg2jgPQ==",
        "dependencies": {
          "StyleCop.Analyzers.Unstable": "1.2.0.435"
        }
      },
      "Polly.Core": {
        "type": "Transitive",
        "resolved": "8.3.0",
        "contentHash": "A3r4xkWasffyrIJGjA3jWQi86ZGcR9BEbpIIoP9xYRAKYwiaGbKpqpsHdWv5sCeLZdaWpVs7pc4EM8Tei+LluA=="
      },
      "StyleCop.Analyzers.Unstable": {
        "type": "Transitive",
        "resolved": "1.2.0.435",
        "contentHash": "ouwPWZxbOV3SmCZxIRqHvljkSzkCyi1tDoMzQtDb/bRP8ctASV/iRJr+A2Gdj0QLaLmWnqTWDrH82/iP+X80Lg=="
      },
      "radixdlt.coreapisdk": {
        "type": "Project",
        "dependencies": {
          "JsonSubTypes": "[2.0.1, )",
          "Newtonsoft.Json": "[13.0.3, )",
          "Polly": "[8.3.0, )"
        }
      },
      "radixdlt.networkgateway.gatewayapisdk": {
        "type": "Project",
        "dependencies": {
          "JsonSubTypes": "[2.0.1, )",
          "Newtonsoft.Json": "[13.0.3, )",
          "Polly": "[8.3.0, )"
        }
      },
      "JsonSubTypes": {
        "type": "CentralTransitive",
        "requested": "[2.0.1, )",
        "resolved": "2.0.1",
        "contentHash": "1Po+Ypf0SjCeEKx5+C89Nb5OgTcqNvfS3uTI46MUM+KEp6Rq/M0h+vVsTUt/6DFRwZMTpsAJM4yJrZmEObVANA==",
        "dependencies": {
          "Newtonsoft.Json": "13.0.1"
        }
      },
      "Polly": {
        "type": "CentralTransitive",
        "requested": "[8.3.0, )",
        "resolved": "8.3.0",
        "contentHash": "vqAQmLO1gZcS8Ox9Ky+hrq0HxYrYVSBS1vzv6o6RZH3vvECutngIxkUHw9YijbG0QrycxvHo0Hbx0/D7MGgdow==",
        "dependencies": {
          "Polly.Core": "8.3.0"
        }
      }
    }
  }
}